// !$*UTF8*$!
{
	archiveVersion = 1;
	classes = {
	};
	objectVersion = 50;
	objects = {

/* Begin PBXBuildFile section */
		7190BA4BE094ECCE201CE1F3 /* Pods_AR_HoopsTests.framework in Frameworks */ = {isa = PBXBuildFile; fileRef = 72E584DD1402CB6718996FEC /* Pods_AR_HoopsTests.framework */; };
		ADD9D89720E9E24100013976 /* AppDelegate.swift in Sources */ = {isa = PBXBuildFile; fileRef = ADD9D89620E9E24100013976 /* AppDelegate.swift */; };
		ADD9D89920E9E24100013976 /* ViewController.swift in Sources */ = {isa = PBXBuildFile; fileRef = ADD9D89820E9E24100013976 /* ViewController.swift */; };
		ADD9D89C20E9E24100013976 /* Main.storyboard in Resources */ = {isa = PBXBuildFile; fileRef = ADD9D89A20E9E24100013976 /* Main.storyboard */; };
		ADD9D89E20E9E24500013976 /* Assets.xcassets in Resources */ = {isa = PBXBuildFile; fileRef = ADD9D89D20E9E24500013976 /* Assets.xcassets */; };
		ADD9D8A120E9E24500013976 /* LaunchScreen.storyboard in Resources */ = {isa = PBXBuildFile; fileRef = ADD9D89F20E9E24500013976 /* LaunchScreen.storyboard */; };
		ADD9D8AC20E9E24600013976 /* AR_HoopsTests.swift in Sources */ = {isa = PBXBuildFile; fileRef = ADD9D8AB20E9E24600013976 /* AR_HoopsTests.swift */; };
		ADD9D8B720E9E24600013976 /* AR_HoopsUITests.swift in Sources */ = {isa = PBXBuildFile; fileRef = ADD9D8B620E9E24600013976 /* AR_HoopsUITests.swift */; };
		ADD9D8C720E9E4F300013976 /* Basketball.scnassets in Resources */ = {isa = PBXBuildFile; fileRef = ADD9D8C620E9E4F300013976 /* Basketball.scnassets */; };
		C3EA1FA704EF1D34BF4880B1 /* Pods_AR_HoopsUITests.framework in Frameworks */ = {isa = PBXBuildFile; fileRef = CD95BB50155045FAEC61E5DC /* Pods_AR_HoopsUITests.framework */; };
		CBC980CB5BACD8D7B9B76B2A /* Pods_AR_Hoops.framework in Frameworks */ = {isa = PBXBuildFile; fileRef = AD3F567882EF3CD2C40CA87C /* Pods_AR_Hoops.framework */; };
/* End PBXBuildFile section */

/* Begin PBXContainerItemProxy section */
		ADD9D8A820E9E24600013976 /* PBXContainerItemProxy */ = {
			isa = PBXContainerItemProxy;
			containerPortal = ADD9D88B20E9E24100013976 /* Project object */;
			proxyType = 1;
			remoteGlobalIDString = ADD9D89220E9E24100013976;
			remoteInfo = "AR-Hoops";
		};
		ADD9D8B320E9E24600013976 /* PBXContainerItemProxy */ = {
			isa = PBXContainerItemProxy;
			containerPortal = ADD9D88B20E9E24100013976 /* Project object */;
			proxyType = 1;
			remoteGlobalIDString = ADD9D89220E9E24100013976;
			remoteInfo = "AR-Hoops";
		};
/* End PBXContainerItemProxy section */

/* Begin PBXFileReference section */
		61AEA19E1B00BBE09632224C /* Pods-AR-Hoops.release.xcconfig */ = {isa = PBXFileReference; includeInIndex = 1; lastKnownFileType = text.xcconfig; name = "Pods-AR-Hoops.release.xcconfig"; path = "Pods/Target Support Files/Pods-AR-Hoops/Pods-AR-Hoops.release.xcconfig"; sourceTree = "<group>"; };
		72E584DD1402CB6718996FEC /* Pods_AR_HoopsTests.framework */ = {isa = PBXFileReference; explicitFileType = wrapper.framework; includeInIndex = 0; path = Pods_AR_HoopsTests.framework; sourceTree = BUILT_PRODUCTS_DIR; };
		8B4CADA384451DE756E24268 /* Pods-AR-HoopsTests.release.xcconfig */ = {isa = PBXFileReference; includeInIndex = 1; lastKnownFileType = text.xcconfig; name = "Pods-AR-HoopsTests.release.xcconfig"; path = "Pods/Target Support Files/Pods-AR-HoopsTests/Pods-AR-HoopsTests.release.xcconfig"; sourceTree = "<group>"; };
		90BE92543CB524AEB8486F7D /* Pods-AR-HoopsTests.debug.xcconfig */ = {isa = PBXFileReference; includeInIndex = 1; lastKnownFileType = text.xcconfig; name = "Pods-AR-HoopsTests.debug.xcconfig"; path = "Pods/Target Support Files/Pods-AR-HoopsTests/Pods-AR-HoopsTests.debug.xcconfig"; sourceTree = "<group>"; };
		A38A791DC3FF3D47C10F2672 /* Pods-AR-HoopsUITests.debug.xcconfig */ = {isa = PBXFileReference; includeInIndex = 1; lastKnownFileType = text.xcconfig; name = "Pods-AR-HoopsUITests.debug.xcconfig"; path = "Pods/Target Support Files/Pods-AR-HoopsUITests/Pods-AR-HoopsUITests.debug.xcconfig"; sourceTree = "<group>"; };
		AD3F567882EF3CD2C40CA87C /* Pods_AR_Hoops.framework */ = {isa = PBXFileReference; explicitFileType = wrapper.framework; includeInIndex = 0; path = Pods_AR_Hoops.framework; sourceTree = BUILT_PRODUCTS_DIR; };
		ADD9D89320E9E24100013976 /* AR-Hoops.app */ = {isa = PBXFileReference; explicitFileType = wrapper.application; includeInIndex = 0; path = "AR-Hoops.app"; sourceTree = BUILT_PRODUCTS_DIR; };
		ADD9D89620E9E24100013976 /* AppDelegate.swift */ = {isa = PBXFileReference; lastKnownFileType = sourcecode.swift; path = AppDelegate.swift; sourceTree = "<group>"; };
		ADD9D89820E9E24100013976 /* ViewController.swift */ = {isa = PBXFileReference; lastKnownFileType = sourcecode.swift; path = ViewController.swift; sourceTree = "<group>"; };
		ADD9D89B20E9E24100013976 /* Base */ = {isa = PBXFileReference; lastKnownFileType = file.storyboard; name = Base; path = Base.lproj/Main.storyboard; sourceTree = "<group>"; };
		ADD9D89D20E9E24500013976 /* Assets.xcassets */ = {isa = PBXFileReference; lastKnownFileType = folder.assetcatalog; path = Assets.xcassets; sourceTree = "<group>"; };
		ADD9D8A020E9E24500013976 /* Base */ = {isa = PBXFileReference; lastKnownFileType = file.storyboard; name = Base; path = Base.lproj/LaunchScreen.storyboard; sourceTree = "<group>"; };
		ADD9D8A220E9E24500013976 /* Info.plist */ = {isa = PBXFileReference; lastKnownFileType = text.plist.xml; path = Info.plist; sourceTree = "<group>"; };
		ADD9D8A720E9E24600013976 /* AR-HoopsTests.xctest */ = {isa = PBXFileReference; explicitFileType = wrapper.cfbundle; includeInIndex = 0; path = "AR-HoopsTests.xctest"; sourceTree = BUILT_PRODUCTS_DIR; };
		ADD9D8AB20E9E24600013976 /* AR_HoopsTests.swift */ = {isa = PBXFileReference; lastKnownFileType = sourcecode.swift; path = AR_HoopsTests.swift; sourceTree = "<group>"; };
		ADD9D8AD20E9E24600013976 /* Info.plist */ = {isa = PBXFileReference; lastKnownFileType = text.plist.xml; path = Info.plist; sourceTree = "<group>"; };
		ADD9D8B220E9E24600013976 /* AR-HoopsUITests.xctest */ = {isa = PBXFileReference; explicitFileType = wrapper.cfbundle; includeInIndex = 0; path = "AR-HoopsUITests.xctest"; sourceTree = BUILT_PRODUCTS_DIR; };
		ADD9D8B620E9E24600013976 /* AR_HoopsUITests.swift */ = {isa = PBXFileReference; lastKnownFileType = sourcecode.swift; path = AR_HoopsUITests.swift; sourceTree = "<group>"; };
		ADD9D8B820E9E24600013976 /* Info.plist */ = {isa = PBXFileReference; lastKnownFileType = text.plist.xml; path = Info.plist; sourceTree = "<group>"; };
		ADD9D8C620E9E4F300013976 /* Basketball.scnassets */ = {isa = PBXFileReference; lastKnownFileType = wrapper.scnassets; path = Basketball.scnassets; sourceTree = "<group>"; };
		CC7B61AFE1E5E67B638B79C7 /* Pods-AR-Hoops.debug.xcconfig */ = {isa = PBXFileReference; includeInIndex = 1; lastKnownFileType = text.xcconfig; name = "Pods-AR-Hoops.debug.xcconfig"; path = "Pods/Target Support Files/Pods-AR-Hoops/Pods-AR-Hoops.debug.xcconfig"; sourceTree = "<group>"; };
		CD95BB50155045FAEC61E5DC /* Pods_AR_HoopsUITests.framework */ = {isa = PBXFileReference; explicitFileType = wrapper.framework; includeInIndex = 0; path = Pods_AR_HoopsUITests.framework; sourceTree = BUILT_PRODUCTS_DIR; };
		D16718EA61A05C0EB3928977 /* Pods-AR-HoopsUITests.release.xcconfig */ = {isa = PBXFileReference; includeInIndex = 1; lastKnownFileType = text.xcconfig; name = "Pods-AR-HoopsUITests.release.xcconfig"; path = "Pods/Target Support Files/Pods-AR-HoopsUITests/Pods-AR-HoopsUITests.release.xcconfig"; sourceTree = "<group>"; };
/* End PBXFileReference section */

/* Begin PBXFrameworksBuildPhase section */
		ADD9D89020E9E24100013976 /* Frameworks */ = {
			isa = PBXFrameworksBuildPhase;
			buildActionMask = 2147483647;
			files = (
				CBC980CB5BACD8D7B9B76B2A /* Pods_AR_Hoops.framework in Frameworks */,
			);
			runOnlyForDeploymentPostprocessing = 0;
		};
		ADD9D8A420E9E24600013976 /* Frameworks */ = {
			isa = PBXFrameworksBuildPhase;
			buildActionMask = 2147483647;
			files = (
				7190BA4BE094ECCE201CE1F3 /* Pods_AR_HoopsTests.framework in Frameworks */,
			);
			runOnlyForDeploymentPostprocessing = 0;
		};
		ADD9D8AF20E9E24600013976 /* Frameworks */ = {
			isa = PBXFrameworksBuildPhase;
			buildActionMask = 2147483647;
			files = (
				C3EA1FA704EF1D34BF4880B1 /* Pods_AR_HoopsUITests.framework in Frameworks */,
			);
			runOnlyForDeploymentPostprocessing = 0;
		};
/* End PBXFrameworksBuildPhase section */

/* Begin PBXGroup section */
		34BA9DCBD753E0372CA21514 /* Pods */ = {
			isa = PBXGroup;
			children = (
				CC7B61AFE1E5E67B638B79C7 /* Pods-AR-Hoops.debug.xcconfig */,
				61AEA19E1B00BBE09632224C /* Pods-AR-Hoops.release.xcconfig */,
				90BE92543CB524AEB8486F7D /* Pods-AR-HoopsTests.debug.xcconfig */,
				8B4CADA384451DE756E24268 /* Pods-AR-HoopsTests.release.xcconfig */,
				A38A791DC3FF3D47C10F2672 /* Pods-AR-HoopsUITests.debug.xcconfig */,
				D16718EA61A05C0EB3928977 /* Pods-AR-HoopsUITests.release.xcconfig */,
			);
			name = Pods;
			sourceTree = "<group>";
		};
		9CB1EF6DC1C09DC242304899 /* Frameworks */ = {
			isa = PBXGroup;
			children = (
				AD3F567882EF3CD2C40CA87C /* Pods_AR_Hoops.framework */,
				72E584DD1402CB6718996FEC /* Pods_AR_HoopsTests.framework */,
				CD95BB50155045FAEC61E5DC /* Pods_AR_HoopsUITests.framework */,
			);
			name = Frameworks;
			sourceTree = "<group>";
		};
		ADD9D88A20E9E24100013976 = {
			isa = PBXGroup;
			children = (
				ADD9D89520E9E24100013976 /* AR-Hoops */,
				ADD9D8AA20E9E24600013976 /* AR-HoopsTests */,
				ADD9D8B520E9E24600013976 /* AR-HoopsUITests */,
				ADD9D89420E9E24100013976 /* Products */,
				34BA9DCBD753E0372CA21514 /* Pods */,
				9CB1EF6DC1C09DC242304899 /* Frameworks */,
			);
			sourceTree = "<group>";
		};
		ADD9D89420E9E24100013976 /* Products */ = {
			isa = PBXGroup;
			children = (
				ADD9D89320E9E24100013976 /* AR-Hoops.app */,
				ADD9D8A720E9E24600013976 /* AR-HoopsTests.xctest */,
				ADD9D8B220E9E24600013976 /* AR-HoopsUITests.xctest */,
			);
			name = Products;
			sourceTree = "<group>";
		};
		ADD9D89520E9E24100013976 /* AR-Hoops */ = {
			isa = PBXGroup;
			children = (
				ADD9D89620E9E24100013976 /* AppDelegate.swift */,
				ADD9D89820E9E24100013976 /* ViewController.swift */,
				ADD9D89A20E9E24100013976 /* Main.storyboard */,
				ADD9D89D20E9E24500013976 /* Assets.xcassets */,
				ADD9D89F20E9E24500013976 /* LaunchScreen.storyboard */,
				ADD9D8A220E9E24500013976 /* Info.plist */,
				ADD9D8C620E9E4F300013976 /* Basketball.scnassets */,
			);
			path = "AR-Hoops";
			sourceTree = "<group>";
		};
		ADD9D8AA20E9E24600013976 /* AR-HoopsTests */ = {
			isa = PBXGroup;
			children = (
				ADD9D8AB20E9E24600013976 /* AR_HoopsTests.swift */,
				ADD9D8AD20E9E24600013976 /* Info.plist */,
			);
			path = "AR-HoopsTests";
			sourceTree = "<group>";
		};
		ADD9D8B520E9E24600013976 /* AR-HoopsUITests */ = {
			isa = PBXGroup;
			children = (
				ADD9D8B620E9E24600013976 /* AR_HoopsUITests.swift */,
				ADD9D8B820E9E24600013976 /* Info.plist */,
			);
			path = "AR-HoopsUITests";
			sourceTree = "<group>";
		};
/* End PBXGroup section */

/* Begin PBXNativeTarget section */
		ADD9D89220E9E24100013976 /* AR-Hoops */ = {
			isa = PBXNativeTarget;
			buildConfigurationList = ADD9D8BB20E9E24600013976 /* Build configuration list for PBXNativeTarget "AR-Hoops" */;
			buildPhases = (
				3537A045FE16315A0E86A677 /* [CP] Check Pods Manifest.lock */,
				ADD9D88F20E9E24100013976 /* Sources */,
				ADD9D89020E9E24100013976 /* Frameworks */,
				ADD9D89120E9E24100013976 /* Resources */,
				3E08BB103D313D56A4BF029A /* [CP] Embed Pods Frameworks */,
			);
			buildRules = (
			);
			dependencies = (
			);
			name = "AR-Hoops";
			productName = "AR-Hoops";
			productReference = ADD9D89320E9E24100013976 /* AR-Hoops.app */;
			productType = "com.apple.product-type.application";
		};
		ADD9D8A620E9E24600013976 /* AR-HoopsTests */ = {
			isa = PBXNativeTarget;
			buildConfigurationList = ADD9D8BE20E9E24600013976 /* Build configuration list for PBXNativeTarget "AR-HoopsTests" */;
			buildPhases = (
				C7D10BFFB0ABA71963D16DE3 /* [CP] Check Pods Manifest.lock */,
				ADD9D8A320E9E24600013976 /* Sources */,
				ADD9D8A420E9E24600013976 /* Frameworks */,
				ADD9D8A520E9E24600013976 /* Resources */,
			);
			buildRules = (
			);
			dependencies = (
				ADD9D8A920E9E24600013976 /* PBXTargetDependency */,
			);
			name = "AR-HoopsTests";
			productName = "AR-HoopsTests";
			productReference = ADD9D8A720E9E24600013976 /* AR-HoopsTests.xctest */;
			productType = "com.apple.product-type.bundle.unit-test";
		};
		ADD9D8B120E9E24600013976 /* AR-HoopsUITests */ = {
			isa = PBXNativeTarget;
			buildConfigurationList = ADD9D8C120E9E24600013976 /* Build configuration list for PBXNativeTarget "AR-HoopsUITests" */;
			buildPhases = (
				3F0C7FD2B42B06681D18948D /* [CP] Check Pods Manifest.lock */,
				ADD9D8AE20E9E24600013976 /* Sources */,
				ADD9D8AF20E9E24600013976 /* Frameworks */,
				ADD9D8B020E9E24600013976 /* Resources */,
			);
			buildRules = (
			);
			dependencies = (
				ADD9D8B420E9E24600013976 /* PBXTargetDependency */,
			);
			name = "AR-HoopsUITests";
			productName = "AR-HoopsUITests";
			productReference = ADD9D8B220E9E24600013976 /* AR-HoopsUITests.xctest */;
			productType = "com.apple.product-type.bundle.ui-testing";
		};
/* End PBXNativeTarget section */

/* Begin PBXProject section */
		ADD9D88B20E9E24100013976 /* Project object */ = {
			isa = PBXProject;
			attributes = {
				LastSwiftUpdateCheck = 0940;
				LastUpgradeCheck = 0940;
				ORGANIZATIONNAME = Ezoom;
				TargetAttributes = {
					ADD9D89220E9E24100013976 = {
						CreatedOnToolsVersion = 9.4.1;
					};
					ADD9D8A620E9E24600013976 = {
						CreatedOnToolsVersion = 9.4.1;
						TestTargetID = ADD9D89220E9E24100013976;
					};
					ADD9D8B120E9E24600013976 = {
						CreatedOnToolsVersion = 9.4.1;
						TestTargetID = ADD9D89220E9E24100013976;
					};
				};
			};
			buildConfigurationList = ADD9D88E20E9E24100013976 /* Build configuration list for PBXProject "AR-Hoops" */;
			compatibilityVersion = "Xcode 9.3";
			developmentRegion = en;
			hasScannedForEncodings = 0;
			knownRegions = (
				en,
				Base,
			);
			mainGroup = ADD9D88A20E9E24100013976;
			productRefGroup = ADD9D89420E9E24100013976 /* Products */;
			projectDirPath = "";
			projectRoot = "";
			targets = (
				ADD9D89220E9E24100013976 /* AR-Hoops */,
				ADD9D8A620E9E24600013976 /* AR-HoopsTests */,
				ADD9D8B120E9E24600013976 /* AR-HoopsUITests */,
			);
		};
/* End PBXProject section */

/* Begin PBXResourcesBuildPhase section */
		ADD9D89120E9E24100013976 /* Resources */ = {
			isa = PBXResourcesBuildPhase;
			buildActionMask = 2147483647;
			files = (
				ADD9D8C720E9E4F300013976 /* Basketball.scnassets in Resources */,
				ADD9D8A120E9E24500013976 /* LaunchScreen.storyboard in Resources */,
				ADD9D89E20E9E24500013976 /* Assets.xcassets in Resources */,
				ADD9D89C20E9E24100013976 /* Main.storyboard in Resources */,
			);
			runOnlyForDeploymentPostprocessing = 0;
		};
		ADD9D8A520E9E24600013976 /* Resources */ = {
			isa = PBXResourcesBuildPhase;
			buildActionMask = 2147483647;
			files = (
			);
			runOnlyForDeploymentPostprocessing = 0;
		};
		ADD9D8B020E9E24600013976 /* Resources */ = {
			isa = PBXResourcesBuildPhase;
			buildActionMask = 2147483647;
			files = (
			);
			runOnlyForDeploymentPostprocessing = 0;
		};
/* End PBXResourcesBuildPhase section */

/* Begin PBXShellScriptBuildPhase section */
		3537A045FE16315A0E86A677 /* [CP] Check Pods Manifest.lock */ = {
			isa = PBXShellScriptBuildPhase;
			buildActionMask = 2147483647;
			files = (
			);
			inputPaths = (
				"${PODS_PODFILE_DIR_PATH}/Podfile.lock",
				"${PODS_ROOT}/Manifest.lock",
			);
			name = "[CP] Check Pods Manifest.lock";
			outputPaths = (
				"$(DERIVED_FILE_DIR)/Pods-AR-Hoops-checkManifestLockResult.txt",
			);
			runOnlyForDeploymentPostprocessing = 0;
			shellPath = /bin/sh;
			shellScript = "diff \"${PODS_PODFILE_DIR_PATH}/Podfile.lock\" \"${PODS_ROOT}/Manifest.lock\" > /dev/null\nif [ $? != 0 ] ; then\n    # print error to STDERR\n    echo \"error: The sandbox is not in sync with the Podfile.lock. Run 'pod install' or update your CocoaPods installation.\" >&2\n    exit 1\nfi\n# This output is used by Xcode 'outputs' to avoid re-running this script phase.\necho \"SUCCESS\" > \"${SCRIPT_OUTPUT_FILE_0}\"\n";
			showEnvVarsInLog = 0;
		};
		3E08BB103D313D56A4BF029A /* [CP] Embed Pods Frameworks */ = {
			isa = PBXShellScriptBuildPhase;
			buildActionMask = 2147483647;
			files = (
			);
			inputPaths = (
				"${SRCROOT}/Pods/Target Support Files/Pods-AR-Hoops/Pods-AR-Hoops-frameworks.sh",
				"${BUILT_PRODUCTS_DIR}/Each/Each.framework",
			);
			name = "[CP] Embed Pods Frameworks";
			outputPaths = (
				"${TARGET_BUILD_DIR}/${FRAMEWORKS_FOLDER_PATH}/Each.framework",
			);
			runOnlyForDeploymentPostprocessing = 0;
			shellPath = /bin/sh;
			shellScript = "\"${SRCROOT}/Pods/Target Support Files/Pods-AR-Hoops/Pods-AR-Hoops-frameworks.sh\"\n";
			showEnvVarsInLog = 0;
		};
		3F0C7FD2B42B06681D18948D /* [CP] Check Pods Manifest.lock */ = {
			isa = PBXShellScriptBuildPhase;
			buildActionMask = 2147483647;
			files = (
			);
			inputPaths = (
				"${PODS_PODFILE_DIR_PATH}/Podfile.lock",
				"${PODS_ROOT}/Manifest.lock",
			);
			name = "[CP] Check Pods Manifest.lock";
			outputPaths = (
				"$(DERIVED_FILE_DIR)/Pods-AR-HoopsUITests-checkManifestLockResult.txt",
			);
			runOnlyForDeploymentPostprocessing = 0;
			shellPath = /bin/sh;
			shellScript = "diff \"${PODS_PODFILE_DIR_PATH}/Podfile.lock\" \"${PODS_ROOT}/Manifest.lock\" > /dev/null\nif [ $? != 0 ] ; then\n    # print error to STDERR\n    echo \"error: The sandbox is not in sync with the Podfile.lock. Run 'pod install' or update your CocoaPods installation.\" >&2\n    exit 1\nfi\n# This output is used by Xcode 'outputs' to avoid re-running this script phase.\necho \"SUCCESS\" > \"${SCRIPT_OUTPUT_FILE_0}\"\n";
			showEnvVarsInLog = 0;
		};
		C7D10BFFB0ABA71963D16DE3 /* [CP] Check Pods Manifest.lock */ = {
			isa = PBXShellScriptBuildPhase;
			buildActionMask = 2147483647;
			files = (
			);
			inputPaths = (
				"${PODS_PODFILE_DIR_PATH}/Podfile.lock",
				"${PODS_ROOT}/Manifest.lock",
			);
			name = "[CP] Check Pods Manifest.lock";
			outputPaths = (
				"$(DERIVED_FILE_DIR)/Pods-AR-HoopsTests-checkManifestLockResult.txt",
			);
			runOnlyForDeploymentPostprocessing = 0;
			shellPath = /bin/sh;
			shellScript = "diff \"${PODS_PODFILE_DIR_PATH}/Podfile.lock\" \"${PODS_ROOT}/Manifest.lock\" > /dev/null\nif [ $? != 0 ] ; then\n    # print error to STDERR\n    echo \"error: The sandbox is not in sync with the Podfile.lock. Run 'pod install' or update your CocoaPods installation.\" >&2\n    exit 1\nfi\n# This output is used by Xcode 'outputs' to avoid re-running this script phase.\necho \"SUCCESS\" > \"${SCRIPT_OUTPUT_FILE_0}\"\n";
			showEnvVarsInLog = 0;
		};
/* End PBXShellScriptBuildPhase section */

/* Begin PBXSourcesBuildPhase section */
		ADD9D88F20E9E24100013976 /* Sources */ = {
			isa = PBXSourcesBuildPhase;
			buildActionMask = 2147483647;
			files = (
				ADD9D89920E9E24100013976 /* ViewController.swift in Sources */,
				ADD9D89720E9E24100013976 /* AppDelegate.swift in Sources */,
			);
			runOnlyForDeploymentPostprocessing = 0;
		};
		ADD9D8A320E9E24600013976 /* Sources */ = {
			isa = PBXSourcesBuildPhase;
			buildActionMask = 2147483647;
			files = (
				ADD9D8AC20E9E24600013976 /* AR_HoopsTests.swift in Sources */,
			);
			runOnlyForDeploymentPostprocessing = 0;
		};
		ADD9D8AE20E9E24600013976 /* Sources */ = {
			isa = PBXSourcesBuildPhase;
			buildActionMask = 2147483647;
			files = (
				ADD9D8B720E9E24600013976 /* AR_HoopsUITests.swift in Sources */,
			);
			runOnlyForDeploymentPostprocessing = 0;
		};
/* End PBXSourcesBuildPhase section */

/* Begin PBXTargetDependency section */
		ADD9D8A920E9E24600013976 /* PBXTargetDependency */ = {
			isa = PBXTargetDependency;
			target = ADD9D89220E9E24100013976 /* AR-Hoops */;
			targetProxy = ADD9D8A820E9E24600013976 /* PBXContainerItemProxy */;
		};
		ADD9D8B420E9E24600013976 /* PBXTargetDependency */ = {
			isa = PBXTargetDependency;
			target = ADD9D89220E9E24100013976 /* AR-Hoops */;
			targetProxy = ADD9D8B320E9E24600013976 /* PBXContainerItemProxy */;
		};
/* End PBXTargetDependency section */

/* Begin PBXVariantGroup section */
		ADD9D89A20E9E24100013976 /* Main.storyboard */ = {
			isa = PBXVariantGroup;
			children = (
				ADD9D89B20E9E24100013976 /* Base */,
			);
			name = Main.storyboard;
			sourceTree = "<group>";
		};
		ADD9D89F20E9E24500013976 /* LaunchScreen.storyboard */ = {
			isa = PBXVariantGroup;
			children = (
				ADD9D8A020E9E24500013976 /* Base */,
			);
			name = LaunchScreen.storyboard;
			sourceTree = "<group>";
		};
/* End PBXVariantGroup section */

/* Begin XCBuildConfiguration section */
		ADD9D8B920E9E24600013976 /* Debug */ = {
			isa = XCBuildConfiguration;
			buildSettings = {
				ALWAYS_SEARCH_USER_PATHS = NO;
				CLANG_ANALYZER_NONNULL = YES;
				CLANG_ANALYZER_NUMBER_OBJECT_CONVERSION = YES_AGGRESSIVE;
				CLANG_CXX_LANGUAGE_STANDARD = "gnu++14";
				CLANG_CXX_LIBRARY = "libc++";
				CLANG_ENABLE_MODULES = YES;
				CLANG_ENABLE_OBJC_ARC = YES;
				CLANG_ENABLE_OBJC_WEAK = YES;
				CLANG_WARN_BLOCK_CAPTURE_AUTORELEASING = YES;
				CLANG_WARN_BOOL_CONVERSION = YES;
				CLANG_WARN_COMMA = YES;
				CLANG_WARN_CONSTANT_CONVERSION = YES;
				CLANG_WARN_DEPRECATED_OBJC_IMPLEMENTATIONS = YES;
				CLANG_WARN_DIRECT_OBJC_ISA_USAGE = YES_ERROR;
				CLANG_WARN_DOCUMENTATION_COMMENTS = YES;
				CLANG_WARN_EMPTY_BODY = YES;
				CLANG_WARN_ENUM_CONVERSION = YES;
				CLANG_WARN_INFINITE_RECURSION = YES;
				CLANG_WARN_INT_CONVERSION = YES;
				CLANG_WARN_NON_LITERAL_NULL_CONVERSION = YES;
				CLANG_WARN_OBJC_IMPLICIT_RETAIN_SELF = YES;
				CLANG_WARN_OBJC_LITERAL_CONVERSION = YES;
				CLANG_WARN_OBJC_ROOT_CLASS = YES_ERROR;
				CLANG_WARN_RANGE_LOOP_ANALYSIS = YES;
				CLANG_WARN_STRICT_PROTOTYPES = YES;
				CLANG_WARN_SUSPICIOUS_MOVE = YES;
				CLANG_WARN_UNGUARDED_AVAILABILITY = YES_AGGRESSIVE;
				CLANG_WARN_UNREACHABLE_CODE = YES;
				CLANG_WARN__DUPLICATE_METHOD_MATCH = YES;
				CODE_SIGN_IDENTITY = "iPhone Developer";
				COPY_PHASE_STRIP = NO;
				DEBUG_INFORMATION_FORMAT = dwarf;
				ENABLE_STRICT_OBJC_MSGSEND = YES;
				ENABLE_TESTABILITY = YES;
				GCC_C_LANGUAGE_STANDARD = gnu11;
				GCC_DYNAMIC_NO_PIC = NO;
				GCC_NO_COMMON_BLOCKS = YES;
				GCC_OPTIMIZATION_LEVEL = 0;
				GCC_PREPROCESSOR_DEFINITIONS = (
					"DEBUG=1",
					"$(inherited)",
				);
				GCC_WARN_64_TO_32_BIT_CONVERSION = YES;
				GCC_WARN_ABOUT_RETURN_TYPE = YES_ERROR;
				GCC_WARN_UNDECLARED_SELECTOR = YES;
				GCC_WARN_UNINITIALIZED_AUTOS = YES_AGGRESSIVE;
				GCC_WARN_UNUSED_FUNCTION = YES;
				GCC_WARN_UNUSED_VARIABLE = YES;
				IPHONEOS_DEPLOYMENT_TARGET = 11.4;
				MTL_ENABLE_DEBUG_INFO = YES;
				ONLY_ACTIVE_ARCH = YES;
				SDKROOT = iphoneos;
				SWIFT_ACTIVE_COMPILATION_CONDITIONS = DEBUG;
				SWIFT_OPTIMIZATION_LEVEL = "-Onone";
			};
			name = Debug;
		};
		ADD9D8BA20E9E24600013976 /* Release */ = {
			isa = XCBuildConfiguration;
			buildSettings = {
				ALWAYS_SEARCH_USER_PATHS = NO;
				CLANG_ANALYZER_NONNULL = YES;
				CLANG_ANALYZER_NUMBER_OBJECT_CONVERSION = YES_AGGRESSIVE;
				CLANG_CXX_LANGUAGE_STANDARD = "gnu++14";
				CLANG_CXX_LIBRARY = "libc++";
				CLANG_ENABLE_MODULES = YES;
				CLANG_ENABLE_OBJC_ARC = YES;
				CLANG_ENABLE_OBJC_WEAK = YES;
				CLANG_WARN_BLOCK_CAPTURE_AUTORELEASING = YES;
				CLANG_WARN_BOOL_CONVERSION = YES;
				CLANG_WARN_COMMA = YES;
				CLANG_WARN_CONSTANT_CONVERSION = YES;
				CLANG_WARN_DEPRECATED_OBJC_IMPLEMENTATIONS = YES;
				CLANG_WARN_DIRECT_OBJC_ISA_USAGE = YES_ERROR;
				CLANG_WARN_DOCUMENTATION_COMMENTS = YES;
				CLANG_WARN_EMPTY_BODY = YES;
				CLANG_WARN_ENUM_CONVERSION = YES;
				CLANG_WARN_INFINITE_RECURSION = YES;
				CLANG_WARN_INT_CONVERSION = YES;
				CLANG_WARN_NON_LITERAL_NULL_CONVERSION = YES;
				CLANG_WARN_OBJC_IMPLICIT_RETAIN_SELF = YES;
				CLANG_WARN_OBJC_LITERAL_CONVERSION = YES;
				CLANG_WARN_OBJC_ROOT_CLASS = YES_ERROR;
				CLANG_WARN_RANGE_LOOP_ANALYSIS = YES;
				CLANG_WARN_STRICT_PROTOTYPES = YES;
				CLANG_WARN_SUSPICIOUS_MOVE = YES;
				CLANG_WARN_UNGUARDED_AVAILABILITY = YES_AGGRESSIVE;
				CLANG_WARN_UNREACHABLE_CODE = YES;
				CLANG_WARN__DUPLICATE_METHOD_MATCH = YES;
				CODE_SIGN_IDENTITY = "iPhone Developer";
				COPY_PHASE_STRIP = NO;
				DEBUG_INFORMATION_FORMAT = "dwarf-with-dsym";
				ENABLE_NS_ASSERTIONS = NO;
				ENABLE_STRICT_OBJC_MSGSEND = YES;
				GCC_C_LANGUAGE_STANDARD = gnu11;
				GCC_NO_COMMON_BLOCKS = YES;
				GCC_WARN_64_TO_32_BIT_CONVERSION = YES;
				GCC_WARN_ABOUT_RETURN_TYPE = YES_ERROR;
				GCC_WARN_UNDECLARED_SELECTOR = YES;
				GCC_WARN_UNINITIALIZED_AUTOS = YES_AGGRESSIVE;
				GCC_WARN_UNUSED_FUNCTION = YES;
				GCC_WARN_UNUSED_VARIABLE = YES;
				IPHONEOS_DEPLOYMENT_TARGET = 11.4;
				MTL_ENABLE_DEBUG_INFO = NO;
				SDKROOT = iphoneos;
				SWIFT_COMPILATION_MODE = wholemodule;
				SWIFT_OPTIMIZATION_LEVEL = "-O";
				VALIDATE_PRODUCT = YES;
			};
			name = Release;
		};
		ADD9D8BC20E9E24600013976 /* Debug */ = {
			isa = XCBuildConfiguration;
			baseConfigurationReference = CC7B61AFE1E5E67B638B79C7 /* Pods-AR-Hoops.debug.xcconfig */;
			buildSettings = {
				ASSETCATALOG_COMPILER_APPICON_NAME = AppIcon;
				CODE_SIGN_STYLE = Automatic;
				DEVELOPMENT_TEAM = 84CTC2EJLE;
				INFOPLIST_FILE = "AR-Hoops/Info.plist";
				LD_RUNPATH_SEARCH_PATHS = (
					"$(inherited)",
					"@executable_path/Frameworks",
				);
				PRODUCT_BUNDLE_IDENTIFIER = "br.com.ezoom.AR-Hoops";
				PRODUCT_NAME = "$(TARGET_NAME)";
				SWIFT_VERSION = 4.0;
				TARGETED_DEVICE_FAMILY = "1,2";
			};
			name = Debug;
		};
		ADD9D8BD20E9E24600013976 /* Release */ = {
			isa = XCBuildConfiguration;
			baseConfigurationReference = 61AEA19E1B00BBE09632224C /* Pods-AR-Hoops.release.xcconfig */;
			buildSettings = {
				ASSETCATALOG_COMPILER_APPICON_NAME = AppIcon;
				CODE_SIGN_STYLE = Automatic;
				DEVELOPMENT_TEAM = 84CTC2EJLE;
				INFOPLIST_FILE = "AR-Hoops/Info.plist";
				LD_RUNPATH_SEARCH_PATHS = (
					"$(inherited)",
					"@executable_path/Frameworks",
				);
				PRODUCT_BUNDLE_IDENTIFIER = "br.com.ezoom.AR-Hoops";
				PRODUCT_NAME = "$(TARGET_NAME)";
				SWIFT_VERSION = 4.0;
				TARGETED_DEVICE_FAMILY = "1,2";
			};
			name = Release;
		};
		ADD9D8BF20E9E24600013976 /* Debug */ = {
			isa = XCBuildConfiguration;
			baseConfigurationReference = 90BE92543CB524AEB8486F7D /* Pods-AR-HoopsTests.debug.xcconfig */;
			buildSettings = {
				ALWAYS_EMBED_SWIFT_STANDARD_LIBRARIES = YES;
				BUNDLE_LOADER = "$(TEST_HOST)";
				CODE_SIGN_STYLE = Automatic;
				DEVELOPMENT_TEAM = 84CTC2EJLE;
				INFOPLIST_FILE = "AR-HoopsTests/Info.plist";
				LD_RUNPATH_SEARCH_PATHS = (
					"$(inherited)",
					"@executable_path/Frameworks",
					"@loader_path/Frameworks",
				);
				PRODUCT_BUNDLE_IDENTIFIER = "br.com.ezoom.AR-HoopsTests";
				PRODUCT_NAME = "$(TARGET_NAME)";
				SWIFT_VERSION = 4.0;
				TARGETED_DEVICE_FAMILY = "1,2";
				TEST_HOST = "$(BUILT_PRODUCTS_DIR)/AR-Hoops.app/AR-Hoops";
			};
			name = Debug;
		};
		ADD9D8C020E9E24600013976 /* Release */ = {
			isa = XCBuildConfiguration;
			baseConfigurationReference = 8B4CADA384451DE756E24268 /* Pods-AR-HoopsTests.release.xcconfig */;
			buildSettings = {
				ALWAYS_EMBED_SWIFT_STANDARD_LIBRARIES = YES;
				BUNDLE_LOADER = "$(TEST_HOST)";
				CODE_SIGN_STYLE = Automatic;
				DEVELOPMENT_TEAM = 84CTC2EJLE;
				INFOPLIST_FILE = "AR-HoopsTests/Info.plist";
				LD_RUNPATH_SEARCH_PATHS = (
					"$(inherited)",
					"@executable_path/Frameworks",
					"@loader_path/Frameworks",
				);
				PRODUCT_BUNDLE_IDENTIFIER = "br.com.ezoom.AR-HoopsTests";
				PRODUCT_NAME = "$(TARGET_NAME)";
				SWIFT_VERSION = 4.0;
				TARGETED_DEVICE_FAMILY = "1,2";
				TEST_HOST = "$(BUILT_PRODUCTS_DIR)/AR-Hoops.app/AR-Hoops";
			};
			name = Release;
		};
		ADD9D8C220E9E24600013976 /* Debug */ = {
			isa = XCBuildConfiguration;
			baseConfigurationReference = A38A791DC3FF3D47C10F2672 /* Pods-AR-HoopsUITests.debug.xcconfig */;
			buildSettings = {
				ALWAYS_EMBED_SWIFT_STANDARD_LIBRARIES = YES;
				CODE_SIGN_STYLE = Automatic;
				DEVELOPMENT_TEAM = 84CTC2EJLE;
				INFOPLIST_FILE = "AR-HoopsUITests/Info.plist";
				LD_RUNPATH_SEARCH_PATHS = (
					"$(inherited)",
					"@executable_path/Frameworks",
					"@loader_path/Frameworks",
				);
				PRODUCT_BUNDLE_IDENTIFIER = "br.com.ezoom.AR-HoopsUITests";
				PRODUCT_NAME = "$(TARGET_NAME)";
				SWIFT_VERSION = 4.0;
				TARGETED_DEVICE_FAMILY = "1,2";
				TEST_TARGET_NAME = "AR-Hoops";
			};
			name = Debug;
		};
		ADD9D8C320E9E24600013976 /* Release */ = {
			isa = XCBuildConfiguration;
			baseConfigurationReference = D16718EA61A05C0EB3928977 /* Pods-AR-HoopsUITests.release.xcconfig */;
			buildSettings = {
				ALWAYS_EMBED_SWIFT_STANDARD_LIBRARIES = YES;
				CODE_SIGN_STYLE = Automatic;
				DEVELOPMENT_TEAM = 84CTC2EJLE;
				INFOPLIST_FILE = "AR-HoopsUITests/Info.plist";
				LD_RUNPATH_SEARCH_PATHS = (
					"$(inherited)",
					"@executable_path/Frameworks",
					"@loader_path/Frameworks",
				);
				PRODUCT_BUNDLE_IDENTIFIER = "br.com.ezoom.AR-HoopsUITests";
				PRODUCT_NAME = "$(TARGET_NAME)";
				SWIFT_VERSION = 4.0;
				TARGETED_DEVICE_FAMILY = "1,2";
				TEST_TARGET_NAME = "AR-Hoops";
			};
			name = Release;
		};
/* End XCBuildConfiguration section */

/* Begin XCConfigurationList section */
		ADD9D88E20E9E24100013976 /* Build configuration list for PBXProject "AR-Hoops" */ = {
			isa = XCConfigurationList;
			buildConfigurations = (
				ADD9D8B920E9E24600013976 /* Debug */,
				ADD9D8BA20E9E24600013976 /* Release */,
			);
			defaultConfigurationIsVisible = 0;
			defaultConfigurationName = Release;
		};
		ADD9D8BB20E9E24600013976 /* Build configuration list for PBXNativeTarget "AR-Hoops" */ = {
			isa = XCConfigurationList;
			buildConfigurations = (
				ADD9D8BC20E9E24600013976 /* Debug */,
				ADD9D8BD20E9E24600013976 /* Release */,
			);
			defaultConfigurationIsVisible = 0;
			defaultConfigurationName = Release;
		};
		ADD9D8BE20E9E24600013976 /* Build configuration list for PBXNativeTarget "AR-HoopsTests" */ = {
			isa = XCConfigurationList;
			buildConfigurations = (
				ADD9D8BF20E9E24600013976 /* Debug */,
				ADD9D8C020E9E24600013976 /* Release */,
			);
			defaultConfigurationIsVisible = 0;
			defaultConfigurationName = Release;
		};
		ADD9D8C120E9E24600013976 /* Build configuration list for PBXNativeTarget "AR-HoopsUITests" */ = {
			isa = XCConfigurationList;
			buildConfigurations = (
				ADD9D8C220E9E24600013976 /* Debug */,
				ADD9D8C320E9E24600013976 /* Release */,
			);
			defaultConfigurationIsVisible = 0;
			defaultConfigurationName = Release;
		};
/* End XCConfigurationList section */
	};
	rootObject = ADD9D88B20E9E24100013976 /* Project object */;
}
